{
  "version": 4,
  "terraform_version": "1.13.2",
  "serial": 3,
  "lineage": "b5ecdad0-8ea8-e02a-0587-e37182ac9215",
  "outputs": {
    "public_ip": {
      "value": "136.112.147.14",
      "type": "string"
    }
  },
  "resources": [
    {
      "mode": "managed",
      "type": "google_compute_firewall",
      "name": "devops_fw",
      "provider": "provider[\"registry.terraform.io/hashicorp/google\"]",
      "instances": [
        {
          "schema_version": 1,
          "attributes": {
            "allow": [
              {
                "ports": [
                  "22",
                  "8080",
                  "8081",
                  "9000",
                  "3000",
                  "9090"
                ],
                "protocol": "tcp"
              }
            ],
            "creation_timestamp": "2025-09-25T11:41:19.852-07:00",
            "deny": [],
            "description": "",
            "destination_ranges": [],
            "direction": "INGRESS",
            "disabled": false,
            "enable_logging": null,
            "id": "projects/handy-outpost-472010-m4/global/firewalls/devops-fw",
            "log_config": [],
            "name": "devops-fw",
            "network": "https://www.googleapis.com/compute/v1/projects/handy-outpost-472010-m4/global/networks/default",
            "params": [],
            "priority": 1000,
            "project": "handy-outpost-472010-m4",
            "self_link": "https://www.googleapis.com/compute/v1/projects/handy-outpost-472010-m4/global/firewalls/devops-fw",
            "source_ranges": [
              "0.0.0.0/0"
            ],
            "source_service_accounts": null,
            "source_tags": null,
            "target_service_accounts": null,
            "target_tags": [
              "devops"
            ],
            "timeouts": null
          },
          "sensitive_attributes": [],
          "identity_schema_version": 0,
          "private": "eyJlMmJmYjczMC1lY2FhLTExZTYtOGY4OC0zNDM2M2JjN2M0YzAiOnsiY3JlYXRlIjoxMjAwMDAwMDAwMDAwLCJkZWxldGUiOjEyMDAwMDAwMDAwMDAsInVwZGF0ZSI6MTIwMDAwMDAwMDAwMH0sInNjaGVtYV92ZXJzaW9uIjoiMSJ9"
        }
      ]
    },
    {
      "mode": "managed",
      "type": "google_compute_instance",
      "name": "demo_vm",
      "provider": "provider[\"registry.terraform.io/hashicorp/google\"]",
      "instances": [
        {
          "schema_version": 6,
          "attributes": {
            "advanced_machine_features": [],
            "allow_stopping_for_update": null,
            "attached_disk": [],
            "boot_disk": [
              {
                "auto_delete": true,
                "device_name": "persistent-disk-0",
                "disk_encryption_key_raw": "",
                "disk_encryption_key_rsa": "",
                "disk_encryption_key_sha256": "",
                "disk_encryption_service_account": "",
                "force_attach": false,
                "guest_os_features": [
                  "VIRTIO_SCSI_MULTIQUEUE",
                  "SEV_CAPABLE",
                  "SEV_SNP_CAPABLE",
                  "SEV_LIVE_MIGRATABLE",
                  "SEV_LIVE_MIGRATABLE_V2",
                  "IDPF",
                  "TDX_CAPABLE",
                  "UEFI_COMPATIBLE",
                  "GVNIC"
                ],
                "initialize_params": [
                  {
                    "architecture": "X86_64",
                    "enable_confidential_compute": false,
                    "image": "https://www.googleapis.com/compute/v1/projects/ubuntu-os-cloud/global/images/ubuntu-2204-jammy-v20250924",
                    "labels": {},
                    "provisioned_iops": 0,
                    "provisioned_throughput": 0,
                    "resource_manager_tags": null,
                    "resource_policies": [],
                    "size": 30,
                    "snapshot": "",
                    "source_image_encryption_key": [],
                    "source_snapshot_encryption_key": [],
                    "storage_pool": "",
                    "type": "pd-standard"
                  }
                ],
                "interface": "",
                "kms_key_self_link": "",
                "mode": "READ_WRITE",
                "source": "https://www.googleapis.com/compute/v1/projects/handy-outpost-472010-m4/zones/us-central1-a/disks/demo-vm"
              }
            ],
            "can_ip_forward": false,
            "confidential_instance_config": [],
            "cpu_platform": "Intel Broadwell",
            "creation_timestamp": "2025-09-25T11:41:22.097-07:00",
            "current_status": "RUNNING",
            "deletion_protection": false,
            "description": "",
            "desired_status": null,
            "effective_labels": {
              "goog-terraform-provisioned": "true"
            },
            "enable_display": false,
            "guest_accelerator": [],
            "hostname": "",
            "id": "projects/handy-outpost-472010-m4/zones/us-central1-a/instances/demo-vm",
            "instance_encryption_key": [],
            "instance_id": "3012844270428631614",
            "key_revocation_action_type": "",
            "label_fingerprint": "vezUS-42LLM=",
            "labels": null,
            "machine_type": "e2-medium",
            "metadata": {
              "ssh-keys": "ubuntu:ssh-rsa AAAAB3NzaC1yc2EAAAADAQABAAACAQDOAVirkcUnWcT7p+f4fiRahbLFqSaXtQcY/DSBK4dTjNI9tEe7vxHMnOmxXX6Gi04Ohjh4aRfSzzdhs7VWIgVOa2UpcaEbOgvCAK9AmhHQat/k6m+jWTbVQrppApEXvt9O5IWaIc5//NH/xBvaYcs2xN6oCvtHSoipRwN++FVyUhApKuznh4yogirkKurRsKtoIHoSW9R1V5gKW5yd/6By6pMY9aBGqW1c06K2Ugca6V1wiCjF7mFKLzF3jfAEYqRk82YS7sMvhB6aRhPktZ7dWY2wplW3y1H67FSuIrkTkrkBRLJAleLB3s1CcgJkNLeoNriZlsVwsXxnLtL2WTG29VbSLXIl814igZ7PgKPetIaw3pkW6Iu4LtvSbVaagt8xyx2PQi9NcqUjhmRMQVIO656Vl1JbimrDD31SUuB0+I5PbMKTJsaJ53NNwtvxp33hm3aWVTQdpbQl20XpBkU+4XGyhc6YKzcKjQMvFTgLLzHdNznMJaWkXzZ59Be2H9AbA11aitK0OKyxUS9XVbIy/ri8FQV2VvrSFnTscs3zIXM6sDeqMRAXgb1KHlbD2Lp80SXmYMaezmxjfIjZ40BhvyG0Rj/dtII4L3YfhP9RvrpJ1akFz53ESsEpxGW/sLKWv8Sv6+fQ4OUtOeaJ9lXrFDQrxObapcyu4rNPvy+WNw== zakariaimzilen@Zakarias-MacBook-Pro.local\n"
            },
            "metadata_fingerprint": "-kOnfmY5I1A=",
            "metadata_startup_script": null,
            "min_cpu_platform": "",
            "name": "demo-vm",
            "network_interface": [
              {
                "access_config": [
                  {
                    "nat_ip": "34.60.250.238",
                    "network_tier": "PREMIUM",
                    "public_ptr_domain_name": ""
                  }
                ],
                "alias_ip_range": [],
                "internal_ipv6_prefix_length": 0,
                "ipv6_access_config": [],
                "ipv6_access_type": "",
                "ipv6_address": "",
                "name": "nic0",
                "network": "https://www.googleapis.com/compute/v1/projects/handy-outpost-472010-m4/global/networks/default",
                "network_attachment": "",
                "network_ip": "10.128.0.4",
                "nic_type": "",
                "queue_count": 0,
                "stack_type": "IPV4_ONLY",
                "subnetwork": "https://www.googleapis.com/compute/v1/projects/handy-outpost-472010-m4/regions/us-central1/subnetworks/default",
                "subnetwork_project": "handy-outpost-472010-m4"
              }
            ],
            "network_performance_config": [],
            "params": [],
            "project": "handy-outpost-472010-m4",
            "reservation_affinity": [],
            "resource_policies": null,
            "scheduling": [
              {
                "automatic_restart": true,
                "availability_domain": 0,
                "instance_termination_action": "",
                "local_ssd_recovery_timeout": [],
                "max_run_duration": [],
                "min_node_cpus": 0,
                "node_affinities": [],
                "on_host_maintenance": "MIGRATE",
                "on_instance_stop_action": [],
                "preemptible": false,
                "provisioning_model": "STANDARD",
                "termination_time": ""
              }
            ],
            "scratch_disk": [],
            "self_link": "https://www.googleapis.com/compute/v1/projects/handy-outpost-472010-m4/zones/us-central1-a/instances/demo-vm",
            "service_account": [],
            "shielded_instance_config": [
              {
                "enable_integrity_monitoring": true,
                "enable_secure_boot": false,
                "enable_vtpm": true
              }
            ],
            "tags": [
              "devops"
            ],
            "tags_fingerprint": "Q0AIG0kOlBQ=",
            "terraform_labels": {
              "goog-terraform-provisioned": "true"
            },
            "timeouts": null,
            "zone": "us-central1-a"
          },
          "sensitive_attributes": [
            [
              {
                "type": "get_attr",
                "value": "boot_disk"
              },
              {
                "type": "index",
                "value": {
                  "value": 0,
                  "type": "number"
                }
              },
              {
                "type": "get_attr",
                "value": "disk_encryption_key_raw"
              }
            ],
            [
              {
                "type": "get_attr",
                "value": "boot_disk"
              },
              {
                "type": "index",
                "value": {
                  "value": 0,
                  "type": "number"
                }
              },
              {
                "type": "get_attr",
                "value": "disk_encryption_key_rsa"
              }
            ]
          ],
          "identity_schema_version": 0,
          "private": "eyJlMmJmYjczMC1lY2FhLTExZTYtOGY4OC0zNDM2M2JjN2M0YzAiOnsiY3JlYXRlIjoxMjAwMDAwMDAwMDAwLCJkZWxldGUiOjEyMDAwMDAwMDAwMDAsInVwZGF0ZSI6MTIwMDAwMDAwMDAwMH0sInNjaGVtYV92ZXJzaW9uIjoiNiJ9"
        }
      ]
    }
  ],
  "check_results": null
}
